{
  "name": "angular",
  "version": "1.0.0",
  "lockfileVersion": 1,
  "requires": true,
  "dependencies": {
    "@types/angular": {
      "version": "1.6.52",
      "resolved": "https://registry.npmjs.org/@types/angular/-/angular-1.6.52.tgz",
      "integrity": "sha512-0Z9Sot6/vaEIHHaXpHLKX8g4hCOmC+0LNZw8nEXhYgtw/VNjsaf30hhe+WOXHuk+/+Qze/OBrogPU+lCEURrhQ=="
    },
    "ng-table": {
      "version": "2.0.2",
      "resolved": "https://registry.npmjs.org/ng-table/-/ng-table-2.0.2.tgz",
      "integrity": "sha1-fh5xymcRE7bNNL7yyWPUmsqsTbg=",
      "requires": {
        "@types/angular": "1.6.52"
      }
    }
  }
}
